
Microsoft Visual Studio Solution File, Format Version 12.00
# Visual Studio Version 16
VisualStudioVersion = 16.0.31605.320
MinimumVisualStudioVersion = 10.0.40219.1
Project("{FAE04EC0-301F-11D3-BF4B-00C04F79EFBC}") = "Lotofacil", "Lotofacil\Lotofacil.csproj", "{ED56883C-3A11-42A9-B0C0-DCC0420585CE}"
EndProject
Project("{FAE04EC0-301F-11D3-BF4B-00C04F79EFBC}") = "WebScraping", "WebScraping\WebScraping.csproj", "{B93F234A-4B5E-40F8-B25B-ED57E7F5930C}"
EndProject
Project("{FAE04EC0-301F-11D3-BF4B-00C04F79EFBC}") = "WebScrapingConsole", "WebScrapingConsole\WebScrapingConsole.csproj", "{3B3C0536-71F4-4072-A68E-D4BB2DD15F99}"
EndProject
Global
	GlobalSection(SolutionConfigurationPlatforms) = preSolution
		Debug|Any CPU = Debug|Any CPU
		Release|Any CPU = Release|Any CPU
	EndGlobalSection
	GlobalSection(ProjectConfigurationPlatforms) = postSolution
		{ED56883C-3A11-42A9-B0C0-DCC0420585CE}.Debug|Any CPU.ActiveCfg = Debug|Any CPU
		{ED56883C-3A11-42A9-B0C0-DCC0420585CE}.Debug|Any CPU.Build.0 = Debug|Any CPU
		{ED56883C-3A11-42A9-B0C0-DCC0420585CE}.Release|Any CPU.ActiveCfg = Release|Any CPU
		{ED56883C-3A11-42A9-B0C0-DCC0420585CE}.Release|Any CPU.Build.0 = Release|Any CPU
		{B93F234A-4B5E-40F8-B25B-ED57E7F5930C}.Debug|Any CPU.ActiveCfg = Debug|Any CPU
		{B93F234A-4B5E-40F8-B25B-ED57E7F5930C}.Debug|Any CPU.Build.0 = Debug|Any CPU
		{B93F234A-4B5E-40F8-B25B-ED57E7F5930C}.Release|Any CPU.ActiveCfg = Release|Any CPU
		{B93F234A-4B5E-40F8-B25B-ED57E7F5930C}.Release|Any CPU.Build.0 = Release|Any CPU
		{3B3C0536-71F4-4072-A68E-D4BB2DD15F99}.Debug|Any CPU.ActiveCfg = Debug|Any CPU
		{3B3C0536-71F4-4072-A68E-D4BB2DD15F99}.Debug|Any CPU.Build.0 = Debug|Any CPU
		{3B3C0536-71F4-4072-A68E-D4BB2DD15F99}.Release|Any CPU.ActiveCfg = Release|Any CPU
		{3B3C0536-71F4-4072-A68E-D4BB2DD15F99}.Release|Any CPU.Build.0 = Release|Any CPU
	EndGlobalSection
	GlobalSection(SolutionProperties) = preSolution
		HideSolutionNode = FALSE
	EndGlobalSection
	GlobalSection(ExtensibilityGlobals) = postSolution
		SolutionGuid = {7F28A98E-266E-4F39-AD8B-BC641A8A588D}
	EndGlobalSection
EndGlobal
